
Microsoft Visual Studio Solution File, Format Version 12.00
# Visual Studio 15
VisualStudioVersion = 15.0.27130.2026
MinimumVisualStudioVersion = 10.0.40219.1
Project("{FAE04EC0-301F-11D3-BF4B-00C04F79EFBC}") = "cardGame", "cardGame\cardGame.csproj", "{EBEDD146-3895-4449-95DE-DD519338ED66}"
EndProject
Project("{FAE04EC0-301F-11D3-BF4B-00C04F79EFBC}") = "Client", "Client\Client.csproj", "{533474F7-72E5-46C3-B474-F1E559B959A9}"
EndProject
Global
	GlobalSection(SolutionConfigurationPlatforms) = preSolution
		Debug|Any CPU = Debug|Any CPU
		Release|Any CPU = Release|Any CPU
	EndGlobalSection
	GlobalSection(ProjectConfigurationPlatforms) = postSolution
		{EBEDD146-3895-4449-95DE-DD519338ED66}.Debug|Any CPU.ActiveCfg = Debug|Any CPU
		{EBEDD146-3895-4449-95DE-DD519338ED66}.Debug|Any CPU.Build.0 = Debug|Any CPU
		{EBEDD146-3895-4449-95DE-DD519338ED66}.Release|Any CPU.ActiveCfg = Release|Any CPU
		{EBEDD146-3895-4449-95DE-DD519338ED66}.Release|Any CPU.Build.0 = Release|Any CPU
		{533474F7-72E5-46C3-B474-F1E559B959A9}.Debug|Any CPU.ActiveCfg = Debug|Any CPU
		{533474F7-72E5-46C3-B474-F1E559B959A9}.Debug|Any CPU.Build.0 = Debug|Any CPU
		{533474F7-72E5-46C3-B474-F1E559B959A9}.Release|Any CPU.ActiveCfg = Release|Any CPU
		{533474F7-72E5-46C3-B474-F1E559B959A9}.Release|Any CPU.Build.0 = Release|Any CPU
	EndGlobalSection
	GlobalSection(SolutionProperties) = preSolution
		HideSolutionNode = FALSE
	EndGlobalSection
	GlobalSection(ExtensibilityGlobals) = postSolution
		SolutionGuid = {D23CAE94-27BE-4E78-973B-8D5374991E93}
	EndGlobalSection
EndGlobal
